Microsoft Visual Studio Solution File, Format Version 12.00
# Visual Studio 15
VisualStudioVersion = 15.0.26430.14
MinimumVisualStudioVersion = 10.0.40219.1
Project("{2150E333-8FDC-42A3-9474-1A3956D46DE8}") = "Tools", "Tools", "{2A3C898C-80E3-4A49-90A1-D6BA08B8F033}"
EndProject
Project("{FAE04EC0-301F-11D3-BF4B-00C04F79EFBC}") = "PacketViewer", "Tools\PacketViewer\PacketViewer.csproj", "{19C1D370-12A8-49DC-AC48-6B04076D0D11}"
EndProject
Project("{FAE04EC0-301F-11D3-BF4B-00C04F79EFBC}") = "Translator", "Tools\Translator\Translator.csproj", "{FBC7C6BA-22F0-4D21-9065-33E20FB81E75}"
EndProject
Project("{8BC9CEB8-8B4A-11D0-8D11-00A0C91BC942}") = "LoginPacketDump", "Tools\LoginPacketDump\LoginPacketDump.vcxproj", "{6EDC2812-F1C6-4F0F-AFE8-C9DE491F7B9B}"
EndProject
Project("{FAE04EC0-301F-11D3-BF4B-00C04F79EFBC}") = "LaunchHelper", "LaunchHelper\LaunchHelper.csproj", "{AAB956F2-D943-47BF-80F1-9617927CABD0}"
EndProject
Project("{FAE04EC0-301F-11D3-BF4B-00C04F79EFBC}") = "Unpacker", "Unpacker\Unpacker.csproj", "{26D387A9-644E-4DA0-80B6-C760C2B01A8E}"
EndProject
Project("{FAE04EC0-301F-11D3-BF4B-00C04F79EFBC}") = "BruteForce", "BruteForce\BruteForce.csproj", "{EA38E85E-16C5-484A-8D66-ED1DE732C056}"
EndProject
Project("{FAE04EC0-301F-11D3-BF4B-00C04F79EFBC}") = "SmartEngine.Network", "SmartEngine.Network\SmartEngine.Network.csproj", "{48A58130-3777-444E-B92D-D7169A7FD75D}"
EndProject
Project("{FAE04EC0-301F-11D3-BF4B-00C04F79EFBC}") = "SmartEngine.Core", "SmartEngine.Core\SmartEngine.Core.csproj", "{95D5A697-719F-42DD-8F9A-823F35B0748C}"
EndProject
Project("{FAE04EC0-301F-11D3-BF4B-00C04F79EFBC}") = "Common", "Common\Common.csproj", "{D2F2E853-9897-4261-8B83-1204149102C4}"
EndProject
Project("{FAE04EC0-301F-11D3-BF4B-00C04F79EFBC}") = "LoginServer", "LoginServer\LoginServer.csproj", "{E86A7653-DED0-45B7-87F5-ED5B7706BC2F}"
EndProject
Project("{FAE04EC0-301F-11D3-BF4B-00C04F79EFBC}") = "GameServer", "GameServer\GameServer.csproj", "{E16FA0F2-BFA3-402E-A99F-45F67B3FF816}"
EndProject
Project("{FAE04EC0-301F-11D3-BF4B-00C04F79EFBC}") = "AccountServer", "AccountServer\AccountServer.csproj", "{EEE4F434-7CE1-4BE7-A2A4-2AB49A17341C}"
EndProject
Project("{FAE04EC0-301F-11D3-BF4B-00C04F79EFBC}") = "CharacterServer", "CharacterServer\CharacterServer.csproj", "{289E2987-E809-48FE-BF2B-DEBC366C745D}"
EndProject
Project("{FAE04EC0-301F-11D3-BF4B-00C04F79EFBC}") = "Scripts", "Scripts\Scripts.csproj", "{01DDFA2D-045B-45DC-BE25-9B6E658D5013}"
EndProject
Project("{FAE04EC0-301F-11D3-BF4B-00C04F79EFBC}") = "ChatServer", "ChatServer\ChatServer.csproj", "{BD8E1D23-F1C2-4D8C-B2CB-1861758C3B8E}"
EndProject
Project("{FAE04EC0-301F-11D3-BF4B-00C04F79EFBC}") = "XmlData", "Tools\SkillData\XmlData.csproj", "{584F225C-D5C0-456B-9B35-0DB54A1309FB}"
EndProject
Project("{FAE04EC0-301F-11D3-BF4B-00C04F79EFBC}") = "LobbyServer", "LobbyServer\LobbyServer.csproj", "{EC422221-93C6-427E-940C-E9B8EF6D2083}"
	ProjectSection(ProjectDependencies) = postProject
		{48A58130-3777-444E-B92D-D7169A7FD75D} = {48A58130-3777-444E-B92D-D7169A7FD75D}
		{D2F2E853-9897-4261-8B83-1204149102C4} = {D2F2E853-9897-4261-8B83-1204149102C4}
		{95D5A697-719F-42DD-8F9A-823F35B0748C} = {95D5A697-719F-42DD-8F9A-823F35B0748C}
	EndProjectSection
EndProject
Project("{E24C65DC-7377-472B-9ABA-BC803B73C61A}") = "WebPlatform(1)", "WebPlatform\", "{E691EDD7-3326-4CD0-81D0-1D35AB702018}"
	ProjectSection(WebsiteProperties) = preProject
		TargetFrameworkMoniker = ".NETFramework,Version%3Dv4.7"
		Debug.AspNetCompiler.VirtualPath = "/localhost_58173"
		Debug.AspNetCompiler.PhysicalPath = "WebPlatform\"
		Debug.AspNetCompiler.TargetPath = "PrecompiledWeb\localhost_58173\"
		Debug.AspNetCompiler.Updateable = "true"
		Debug.AspNetCompiler.ForceOverwrite = "true"
		Debug.AspNetCompiler.FixedNames = "false"
		Debug.AspNetCompiler.Debug = "True"
		Release.AspNetCompiler.VirtualPath = "/localhost_58173"
		Release.AspNetCompiler.PhysicalPath = "WebPlatform\"
		Release.AspNetCompiler.TargetPath = "PrecompiledWeb\localhost_58173\"
		Release.AspNetCompiler.Updateable = "true"
		Release.AspNetCompiler.ForceOverwrite = "true"
		Release.AspNetCompiler.FixedNames = "false"
		Release.AspNetCompiler.Debug = "False"
		VWDPort = "58173"
		SlnRelativePath = "WebPlatform\"
	EndProjectSection
EndProject
Project("{FAE04EC0-301F-11D3-BF4B-00C04F79EFBC}") = "AuctionServer", "AuctionServer\AuctionServer.csproj", "{14112B9B-22BA-48FE-9A70-5A64EFAABEC8}"
EndProject
Global
	GlobalSection(SolutionConfigurationPlatforms) = preSolution
		Debug|Any CPU = Debug|Any CPU
		Debug|Mixed Platforms = Debug|Mixed Platforms
		Debug|Win32 = Debug|Win32
		Debug|x64 = Debug|x64
		Debug|x86 = Debug|x86
		Debug-all|Any CPU = Debug-all|Any CPU
		Debug-all|Mixed Platforms = Debug-all|Mixed Platforms
		Debug-all|Win32 = Debug-all|Win32
		Debug-all|x64 = Debug-all|x64
		Debug-all|x86 = Debug-all|x86
		Release|Any CPU = Release|Any CPU
		Release|Mixed Platforms = Release|Mixed Platforms
		Release|Win32 = Release|Win32
		Release|x64 = Release|x64
		Release|x86 = Release|x86
		Release-all|Any CPU = Release-all|Any CPU
		Release-all|Mixed Platforms = Release-all|Mixed Platforms
		Release-all|Win32 = Release-all|Win32
		Release-all|x64 = Release-all|x64
		Release-all|x86 = Release-all|x86
	EndGlobalSection
	GlobalSection(ProjectConfigurationPlatforms) = postSolution
		{19C1D370-12A8-49DC-AC48-6B04076D0D11}.Debug|Any CPU.ActiveCfg = Debug|x86
		{19C1D370-12A8-49DC-AC48-6B04076D0D11}.Debug|Mixed Platforms.ActiveCfg = Debug|x86
		{19C1D370-12A8-49DC-AC48-6B04076D0D11}.Debug|Mixed Platforms.Build.0 = Debug|x86
		{19C1D370-12A8-49DC-AC48-6B04076D0D11}.Debug|Win32.ActiveCfg = Debug|x86
		{19C1D370-12A8-49DC-AC48-6B04076D0D11}.Debug|x64.ActiveCfg = Debug|x64
		{19C1D370-12A8-49DC-AC48-6B04076D0D11}.Debug|x86.ActiveCfg = Debug|x86
		{19C1D370-12A8-49DC-AC48-6B04076D0D11}.Debug|x86.Build.0 = Debug|x86
		{19C1D370-12A8-49DC-AC48-6B04076D0D11}.Debug-all|Any CPU.ActiveCfg = Debug|x86
		{19C1D370-12A8-49DC-AC48-6B04076D0D11}.Debug-all|Mixed Platforms.ActiveCfg = Debug|x86
		{19C1D370-12A8-49DC-AC48-6B04076D0D11}.Debug-all|Mixed Platforms.Build.0 = Debug|x86
		{19C1D370-12A8-49DC-AC48-6B04076D0D11}.Debug-all|Win32.ActiveCfg = Debug|x86
		{19C1D370-12A8-49DC-AC48-6B04076D0D11}.Debug-all|x64.ActiveCfg = Debug|x86
		{19C1D370-12A8-49DC-AC48-6B04076D0D11}.Debug-all|x86.ActiveCfg = Debug|x86
		{19C1D370-12A8-49DC-AC48-6B04076D0D11}.Debug-all|x86.Build.0 = Debug|x86
		{19C1D370-12A8-49DC-AC48-6B04076D0D11}.Release|Any CPU.ActiveCfg = Release|x86
		{19C1D370-12A8-49DC-AC48-6B04076D0D11}.Release|Mixed Platforms.ActiveCfg = Release|x86
		{19C1D370-12A8-49DC-AC48-6B04076D0D11}.Release|Mixed Platforms.Build.0 = Release|x86
		{19C1D370-12A8-49DC-AC48-6B04076D0D11}.Release|Win32.ActiveCfg = Release|x86
		{19C1D370-12A8-49DC-AC48-6B04076D0D11}.Release|x64.ActiveCfg = Release|x86
		{19C1D370-12A8-49DC-AC48-6B04076D0D11}.Release|x86.ActiveCfg = Release|x86
		{19C1D370-12A8-49DC-AC48-6B04076D0D11}.Release|x86.Build.0 = Release|x86
		{19C1D370-12A8-49DC-AC48-6B04076D0D11}.Release-all|Any CPU.ActiveCfg = Release|x86
		{19C1D370-12A8-49DC-AC48-6B04076D0D11}.Release-all|Mixed Platforms.ActiveCfg = Release|x86
		{19C1D370-12A8-49DC-AC48-6B04076D0D11}.Release-all|Mixed Platforms.Build.0 = Release|x86
		{19C1D370-12A8-49DC-AC48-6B04076D0D11}.Release-all|Win32.ActiveCfg = Release|x86
		{19C1D370-12A8-49DC-AC48-6B04076D0D11}.Release-all|x64.ActiveCfg = Release|x86
		{19C1D370-12A8-49DC-AC48-6B04076D0D11}.Release-all|x86.ActiveCfg = Release|x86
		{19C1D370-12A8-49DC-AC48-6B04076D0D11}.Release-all|x86.Build.0 = Release|x86
		{FBC7C6BA-22F0-4D21-9065-33E20FB81E75}.Debug|Any CPU.ActiveCfg = Debug|x86
		{FBC7C6BA-22F0-4D21-9065-33E20FB81E75}.Debug|Mixed Platforms.ActiveCfg = Debug|x86
		{FBC7C6BA-22F0-4D21-9065-33E20FB81E75}.Debug|Mixed Platforms.Build.0 = Debug|x86
		{FBC7C6BA-22F0-4D21-9065-33E20FB81E75}.Debug|Win32.ActiveCfg = Debug|x86
		{FBC7C6BA-22F0-4D21-9065-33E20FB81E75}.Debug|x64.ActiveCfg = Debug|x64
		{FBC7C6BA-22F0-4D21-9065-33E20FB81E75}.Debug|x86.ActiveCfg = Debug|x86
		{FBC7C6BA-22F0-4D21-9065-33E20FB81E75}.Debug|x86.Build.0 = Debug|x86
		{FBC7C6BA-22F0-4D21-9065-33E20FB81E75}.Debug-all|Any CPU.ActiveCfg = Debug|x86
		{FBC7C6BA-22F0-4D21-9065-33E20FB81E75}.Debug-all|Mixed Platforms.ActiveCfg = Debug|x86
		{FBC7C6BA-22F0-4D21-9065-33E20FB81E75}.Debug-all|Mixed Platforms.Build.0 = Debug|x86
		{FBC7C6BA-22F0-4D21-9065-33E20FB81E75}.Debug-all|Win32.ActiveCfg = Debug|x86
		{FBC7C6BA-22F0-4D21-9065-33E20FB81E75}.Debug-all|x64.ActiveCfg = Debug|x86
		{FBC7C6BA-22F0-4D21-9065-33E20FB81E75}.Debug-all|x86.ActiveCfg = Debug|x86
		{FBC7C6BA-22F0-4D21-9065-33E20FB81E75}.Debug-all|x86.Build.0 = Debug|x86
		{FBC7C6BA-22F0-4D21-9065-33E20FB81E75}.Release|Any CPU.ActiveCfg = Release|x86
		{FBC7C6BA-22F0-4D21-9065-33E20FB81E75}.Release|Mixed Platforms.ActiveCfg = Release|x86
		{FBC7C6BA-22F0-4D21-9065-33E20FB81E75}.Release|Mixed Platforms.Build.0 = Release|x86
		{FBC7C6BA-22F0-4D21-9065-33E20FB81E75}.Release|Win32.ActiveCfg = Release|x86
		{FBC7C6BA-22F0-4D21-9065-33E20FB81E75}.Release|x64.ActiveCfg = Release|x86
		{FBC7C6BA-22F0-4D21-9065-33E20FB81E75}.Release|x86.ActiveCfg = Release|x86
		{FBC7C6BA-22F0-4D21-9065-33E20FB81E75}.Release|x86.Build.0 = Release|x86
		{FBC7C6BA-22F0-4D21-9065-33E20FB81E75}.Release-all|Any CPU.ActiveCfg = Release|x86
		{FBC7C6BA-22F0-4D21-9065-33E20FB81E75}.Release-all|Mixed Platforms.ActiveCfg = Release|x86
		{FBC7C6BA-22F0-4D21-9065-33E20FB81E75}.Release-all|Mixed Platforms.Build.0 = Release|x86
		{FBC7C6BA-22F0-4D21-9065-33E20FB81E75}.Release-all|Win32.ActiveCfg = Release|x86
		{FBC7C6BA-22F0-4D21-9065-33E20FB81E75}.Release-all|x64.ActiveCfg = Release|x86
		{FBC7C6BA-22F0-4D21-9065-33E20FB81E75}.Release-all|x86.ActiveCfg = Release|x86
		{FBC7C6BA-22F0-4D21-9065-33E20FB81E75}.Release-all|x86.Build.0 = Release|x86
		{6EDC2812-F1C6-4F0F-AFE8-C9DE491F7B9B}.Debug|Any CPU.ActiveCfg = Debug|Win32
		{6EDC2812-F1C6-4F0F-AFE8-C9DE491F7B9B}.Debug|Mixed Platforms.ActiveCfg = Debug|Win32
		{6EDC2812-F1C6-4F0F-AFE8-C9DE491F7B9B}.Debug|Mixed Platforms.Build.0 = Debug|Win32
		{6EDC2812-F1C6-4F0F-AFE8-C9DE491F7B9B}.Debug|Win32.ActiveCfg = Debug|Win32
		{6EDC2812-F1C6-4F0F-AFE8-C9DE491F7B9B}.Debug|Win32.Build.0 = Debug|Win32
		{6EDC2812-F1C6-4F0F-AFE8-C9DE491F7B9B}.Debug|x64.ActiveCfg = Debug|Win32
		{6EDC2812-F1C6-4F0F-AFE8-C9DE491F7B9B}.Debug|x86.ActiveCfg = Debug|Win32
		{6EDC2812-F1C6-4F0F-AFE8-C9DE491F7B9B}.Debug-all|Any CPU.ActiveCfg = Debug|Win32
		{6EDC2812-F1C6-4F0F-AFE8-C9DE491F7B9B}.Debug-all|Mixed Platforms.ActiveCfg = Debug|Win32
		{6EDC2812-F1C6-4F0F-AFE8-C9DE491F7B9B}.Debug-all|Mixed Platforms.Build.0 = Debug|Win32
		{6EDC2812-F1C6-4F0F-AFE8-C9DE491F7B9B}.Debug-all|Win32.ActiveCfg = Debug|Win32
		{6EDC2812-F1C6-4F0F-AFE8-C9DE491F7B9B}.Debug-all|Win32.Build.0 = Debug|Win32
		{6EDC2812-F1C6-4F0F-AFE8-C9DE491F7B9B}.Debug-all|x64.ActiveCfg = Debug|Win32
		{6EDC2812-F1C6-4F0F-AFE8-C9DE491F7B9B}.Debug-all|x86.ActiveCfg = Debug|Win32
		{6EDC2812-F1C6-4F0F-AFE8-C9DE491F7B9B}.Release|Any CPU.ActiveCfg = Release|Win32
		{6EDC2812-F1C6-4F0F-AFE8-C9DE491F7B9B}.Release|Mixed Platforms.ActiveCfg = Release|Win32
		{6EDC2812-F1C6-4F0F-AFE8-C9DE491F7B9B}.Release|Mixed Platforms.Build.0 = Release|Win32
		{6EDC2812-F1C6-4F0F-AFE8-C9DE491F7B9B}.Release|Win32.ActiveCfg = Release|Win32
		{6EDC2812-F1C6-4F0F-AFE8-C9DE491F7B9B}.Release|Win32.Build.0 = Release|Win32
		{6EDC2812-F1C6-4F0F-AFE8-C9DE491F7B9B}.Release|x64.ActiveCfg = Release|Win32
		{6EDC2812-F1C6-4F0F-AFE8-C9DE491F7B9B}.Release|x86.ActiveCfg = Release|Win32
		{6EDC2812-F1C6-4F0F-AFE8-C9DE491F7B9B}.Release-all|Any CPU.ActiveCfg = Release|Win32
		{6EDC2812-F1C6-4F0F-AFE8-C9DE491F7B9B}.Release-all|Mixed Platforms.ActiveCfg = Release|Win32
		{6EDC2812-F1C6-4F0F-AFE8-C9DE491F7B9B}.Release-all|Mixed Platforms.Build.0 = Release|Win32
		{6EDC2812-F1C6-4F0F-AFE8-C9DE491F7B9B}.Release-all|Win32.ActiveCfg = Release|Win32
		{6EDC2812-F1C6-4F0F-AFE8-C9DE491F7B9B}.Release-all|Win32.Build.0 = Release|Win32
		{6EDC2812-F1C6-4F0F-AFE8-C9DE491F7B9B}.Release-all|x64.ActiveCfg = Release|Win32
		{6EDC2812-F1C6-4F0F-AFE8-C9DE491F7B9B}.Release-all|x86.ActiveCfg = Release|Win32
		{AAB956F2-D943-47BF-80F1-9617927CABD0}.Debug|Any CPU.ActiveCfg = Debug|x86
		{AAB956F2-D943-47BF-80F1-9617927CABD0}.Debug|Mixed Platforms.ActiveCfg = Debug|x86
		{AAB956F2-D943-47BF-80F1-9617927CABD0}.Debug|Mixed Platforms.Build.0 = Debug|x86
		{AAB956F2-D943-47BF-80F1-9617927CABD0}.Debug|Win32.ActiveCfg = Debug|x86
		{AAB956F2-D943-47BF-80F1-9617927CABD0}.Debug|x64.ActiveCfg = Debug|x64
		{AAB956F2-D943-47BF-80F1-9617927CABD0}.Debug|x86.ActiveCfg = Debug|x86
		{AAB956F2-D943-47BF-80F1-9617927CABD0}.Debug|x86.Build.0 = Debug|x86
		{AAB956F2-D943-47BF-80F1-9617927CABD0}.Debug-all|Any CPU.ActiveCfg = Debug|x86
		{AAB956F2-D943-47BF-80F1-9617927CABD0}.Debug-all|Mixed Platforms.ActiveCfg = Debug|x86
		{AAB956F2-D943-47BF-80F1-9617927CABD0}.Debug-all|Mixed Platforms.Build.0 = Debug|x86
		{AAB956F2-D943-47BF-80F1-9617927CABD0}.Debug-all|Win32.ActiveCfg = Debug|x86
		{AAB956F2-D943-47BF-80F1-9617927CABD0}.Debug-all|x64.ActiveCfg = Debug|x86
		{AAB956F2-D943-47BF-80F1-9617927CABD0}.Debug-all|x86.ActiveCfg = Debug|x86
		{AAB956F2-D943-47BF-80F1-9617927CABD0}.Debug-all|x86.Build.0 = Debug|x86
		{AAB956F2-D943-47BF-80F1-9617927CABD0}.Release|Any CPU.ActiveCfg = Release|x86
		{AAB956F2-D943-47BF-80F1-9617927CABD0}.Release|Mixed Platforms.ActiveCfg = Release|x86
		{AAB956F2-D943-47BF-80F1-9617927CABD0}.Release|Mixed Platforms.Build.0 = Release|x86
		{AAB956F2-D943-47BF-80F1-9617927CABD0}.Release|Win32.ActiveCfg = Release|x86
		{AAB956F2-D943-47BF-80F1-9617927CABD0}.Release|x64.ActiveCfg = Release|x86
		{AAB956F2-D943-47BF-80F1-9617927CABD0}.Release|x86.ActiveCfg = Release|x86
		{AAB956F2-D943-47BF-80F1-9617927CABD0}.Release|x86.Build.0 = Release|x86
		{AAB956F2-D943-47BF-80F1-9617927CABD0}.Release-all|Any CPU.ActiveCfg = Release|x86
		{AAB956F2-D943-47BF-80F1-9617927CABD0}.Release-all|Mixed Platforms.ActiveCfg = Release|x86
		{AAB956F2-D943-47BF-80F1-9617927CABD0}.Release-all|Mixed Platforms.Build.0 = Release|x86
		{AAB956F2-D943-47BF-80F1-9617927CABD0}.Release-all|Win32.ActiveCfg = Release|x86
		{AAB956F2-D943-47BF-80F1-9617927CABD0}.Release-all|x64.ActiveCfg = Release|x86
		{AAB956F2-D943-47BF-80F1-9617927CABD0}.Release-all|x86.ActiveCfg = Release|x86
		{AAB956F2-D943-47BF-80F1-9617927CABD0}.Release-all|x86.Build.0 = Release|x86
		{26D387A9-644E-4DA0-80B6-C760C2B01A8E}.Debug|Any CPU.ActiveCfg = Debug|x86
		{26D387A9-644E-4DA0-80B6-C760C2B01A8E}.Debug|Mixed Platforms.ActiveCfg = Debug|x86
		{26D387A9-644E-4DA0-80B6-C760C2B01A8E}.Debug|Mixed Platforms.Build.0 = Debug|x86
		{26D387A9-644E-4DA0-80B6-C760C2B01A8E}.Debug|Win32.ActiveCfg = Debug|x86
		{26D387A9-644E-4DA0-80B6-C760C2B01A8E}.Debug|x64.ActiveCfg = Debug|x64
		{26D387A9-644E-4DA0-80B6-C760C2B01A8E}.Debug|x86.ActiveCfg = Debug|x86
		{26D387A9-644E-4DA0-80B6-C760C2B01A8E}.Debug|x86.Build.0 = Debug|x86
		{26D387A9-644E-4DA0-80B6-C760C2B01A8E}.Debug-all|Any CPU.ActiveCfg = Debug|x86
		{26D387A9-644E-4DA0-80B6-C760C2B01A8E}.Debug-all|Mixed Platforms.ActiveCfg = Debug|x86
		{26D387A9-644E-4DA0-80B6-C760C2B01A8E}.Debug-all|Mixed Platforms.Build.0 = Debug|x86
		{26D387A9-644E-4DA0-80B6-C760C2B01A8E}.Debug-all|Win32.ActiveCfg = Debug|x86
		{26D387A9-644E-4DA0-80B6-C760C2B01A8E}.Debug-all|x64.ActiveCfg = Debug|x86
		{26D387A9-644E-4DA0-80B6-C760C2B01A8E}.Debug-all|x86.ActiveCfg = Debug|x86
		{26D387A9-644E-4DA0-80B6-C760C2B01A8E}.Debug-all|x86.Build.0 = Debug|x86
		{26D387A9-644E-4DA0-80B6-C760C2B01A8E}.Release|Any CPU.ActiveCfg = Release|x86
		{26D387A9-644E-4DA0-80B6-C760C2B01A8E}.Release|Mixed Platforms.ActiveCfg = Release|x86
		{26D387A9-644E-4DA0-80B6-C760C2B01A8E}.Release|Mixed Platforms.Build.0 = Release|x86
		{26D387A9-644E-4DA0-80B6-C760C2B01A8E}.Release|Win32.ActiveCfg = Release|x86
		{26D387A9-644E-4DA0-80B6-C760C2B01A8E}.Release|x64.ActiveCfg = Release|x86
		{26D387A9-644E-4DA0-80B6-C760C2B01A8E}.Release|x86.ActiveCfg = Release|x86
		{26D387A9-644E-4DA0-80B6-C760C2B01A8E}.Release|x86.Build.0 = Release|x86
		{26D387A9-644E-4DA0-80B6-C760C2B01A8E}.Release-all|Any CPU.ActiveCfg = Release|x86
		{26D387A9-644E-4DA0-80B6-C760C2B01A8E}.Release-all|Mixed Platforms.ActiveCfg = Release|x86
		{26D387A9-644E-4DA0-80B6-C760C2B01A8E}.Release-all|Mixed Platforms.Build.0 = Release|x86
		{26D387A9-644E-4DA0-80B6-C760C2B01A8E}.Release-all|Win32.ActiveCfg = Release|x86
		{26D387A9-644E-4DA0-80B6-C760C2B01A8E}.Release-all|x64.ActiveCfg = Release|x86
		{26D387A9-644E-4DA0-80B6-C760C2B01A8E}.Release-all|x86.ActiveCfg = Release|x86
		{26D387A9-644E-4DA0-80B6-C760C2B01A8E}.Release-all|x86.Build.0 = Release|x86
		{EA38E85E-16C5-484A-8D66-ED1DE732C056}.Debug|Any CPU.ActiveCfg = Debug|x86
		{EA38E85E-16C5-484A-8D66-ED1DE732C056}.Debug|Mixed Platforms.ActiveCfg = Debug|x86
		{EA38E85E-16C5-484A-8D66-ED1DE732C056}.Debug|Mixed Platforms.Build.0 = Debug|x86
		{EA38E85E-16C5-484A-8D66-ED1DE732C056}.Debug|Win32.ActiveCfg = Debug|x86
		{EA38E85E-16C5-484A-8D66-ED1DE732C056}.Debug|x64.ActiveCfg = Debug|x64
		{EA38E85E-16C5-484A-8D66-ED1DE732C056}.Debug|x86.ActiveCfg = Debug|x86
		{EA38E85E-16C5-484A-8D66-ED1DE732C056}.Debug|x86.Build.0 = Debug|x86
		{EA38E85E-16C5-484A-8D66-ED1DE732C056}.Debug-all|Any CPU.ActiveCfg = Debug|x86
		{EA38E85E-16C5-484A-8D66-ED1DE732C056}.Debug-all|Mixed Platforms.ActiveCfg = Debug|x86
		{EA38E85E-16C5-484A-8D66-ED1DE732C056}.Debug-all|Mixed Platforms.Build.0 = Debug|x86
		{EA38E85E-16C5-484A-8D66-ED1DE732C056}.Debug-all|Win32.ActiveCfg = Debug|x86
		{EA38E85E-16C5-484A-8D66-ED1DE732C056}.Debug-all|x64.ActiveCfg = Debug|x86
		{EA38E85E-16C5-484A-8D66-ED1DE732C056}.Debug-all|x86.ActiveCfg = Debug|x86
		{EA38E85E-16C5-484A-8D66-ED1DE732C056}.Debug-all|x86.Build.0 = Debug|x86
		{EA38E85E-16C5-484A-8D66-ED1DE732C056}.Release|Any CPU.ActiveCfg = Release|x86
		{EA38E85E-16C5-484A-8D66-ED1DE732C056}.Release|Mixed Platforms.ActiveCfg = Release|x86
		{EA38E85E-16C5-484A-8D66-ED1DE732C056}.Release|Mixed Platforms.Build.0 = Release|x86
		{EA38E85E-16C5-484A-8D66-ED1DE732C056}.Release|Win32.ActiveCfg = Release|x86
		{EA38E85E-16C5-484A-8D66-ED1DE732C056}.Release|x64.ActiveCfg = Release|x86
		{EA38E85E-16C5-484A-8D66-ED1DE732C056}.Release|x86.ActiveCfg = Release|x86
		{EA38E85E-16C5-484A-8D66-ED1DE732C056}.Release|x86.Build.0 = Release|x86
		{EA38E85E-16C5-484A-8D66-ED1DE732C056}.Release-all|Any CPU.ActiveCfg = Release|x86
		{EA38E85E-16C5-484A-8D66-ED1DE732C056}.Release-all|Mixed Platforms.ActiveCfg = Release|x86
		{EA38E85E-16C5-484A-8D66-ED1DE732C056}.Release-all|Mixed Platforms.Build.0 = Release|x86
		{EA38E85E-16C5-484A-8D66-ED1DE732C056}.Release-all|Win32.ActiveCfg = Release|x86
		{EA38E85E-16C5-484A-8D66-ED1DE732C056}.Release-all|x64.ActiveCfg = Release|x86
		{EA38E85E-16C5-484A-8D66-ED1DE732C056}.Release-all|x86.ActiveCfg = Release|x86
		{EA38E85E-16C5-484A-8D66-ED1DE732C056}.Release-all|x86.Build.0 = Release|x86
		{48A58130-3777-444E-B92D-D7169A7FD75D}.Debug|Any CPU.ActiveCfg = Debug|Any CPU
		{48A58130-3777-444E-B92D-D7169A7FD75D}.Debug|Any CPU.Build.0 = Debug|Any CPU
		{48A58130-3777-444E-B92D-D7169A7FD75D}.Debug|Mixed Platforms.ActiveCfg = Debug|x86
		{48A58130-3777-444E-B92D-D7169A7FD75D}.Debug|Mixed Platforms.Build.0 = Debug|x86
		{48A58130-3777-444E-B92D-D7169A7FD75D}.Debug|Win32.ActiveCfg = Debug|x86
		{48A58130-3777-444E-B92D-D7169A7FD75D}.Debug|x64.ActiveCfg = Debug|x64
		{48A58130-3777-444E-B92D-D7169A7FD75D}.Debug|x64.Build.0 = Debug|x64
		{48A58130-3777-444E-B92D-D7169A7FD75D}.Debug|x86.ActiveCfg = Debug|x86
		{48A58130-3777-444E-B92D-D7169A7FD75D}.Debug|x86.Build.0 = Debug|x86
		{48A58130-3777-444E-B92D-D7169A7FD75D}.Debug-all|Any CPU.ActiveCfg = Debug|x86
		{48A58130-3777-444E-B92D-D7169A7FD75D}.Debug-all|Mixed Platforms.ActiveCfg = Debug|x86
		{48A58130-3777-444E-B92D-D7169A7FD75D}.Debug-all|Mixed Platforms.Build.0 = Debug|x86
		{48A58130-3777-444E-B92D-D7169A7FD75D}.Debug-all|Win32.ActiveCfg = Debug|x86
		{48A58130-3777-444E-B92D-D7169A7FD75D}.Debug-all|x64.ActiveCfg = Debug|x86
		{48A58130-3777-444E-B92D-D7169A7FD75D}.Debug-all|x86.ActiveCfg = Debug|x86
		{48A58130-3777-444E-B92D-D7169A7FD75D}.Debug-all|x86.Build.0 = Debug|x86
		{48A58130-3777-444E-B92D-D7169A7FD75D}.Release|Any CPU.ActiveCfg = Release|Any CPU
		{48A58130-3777-444E-B92D-D7169A7FD75D}.Release|Any CPU.Build.0 = Release|Any CPU
		{48A58130-3777-444E-B92D-D7169A7FD75D}.Release|Mixed Platforms.ActiveCfg = Release|x86
		{48A58130-3777-444E-B92D-D7169A7FD75D}.Release|Mixed Platforms.Build.0 = Release|x86
		{48A58130-3777-444E-B92D-D7169A7FD75D}.Release|Win32.ActiveCfg = Release|x86
		{48A58130-3777-444E-B92D-D7169A7FD75D}.Release|x64.ActiveCfg = Release|x64
		{48A58130-3777-444E-B92D-D7169A7FD75D}.Release|x64.Build.0 = Release|x64
		{48A58130-3777-444E-B92D-D7169A7FD75D}.Release|x86.ActiveCfg = Release|x86
		{48A58130-3777-444E-B92D-D7169A7FD75D}.Release|x86.Build.0 = Release|x86
		{48A58130-3777-444E-B92D-D7169A7FD75D}.Release-all|Any CPU.ActiveCfg = Release|x86
		{48A58130-3777-444E-B92D-D7169A7FD75D}.Release-all|Mixed Platforms.ActiveCfg = Release|x86
		{48A58130-3777-444E-B92D-D7169A7FD75D}.Release-all|Mixed Platforms.Build.0 = Release|x86
		{48A58130-3777-444E-B92D-D7169A7FD75D}.Release-all|Win32.ActiveCfg = Release|x86
		{48A58130-3777-444E-B92D-D7169A7FD75D}.Release-all|x64.ActiveCfg = Release|x86
		{48A58130-3777-444E-B92D-D7169A7FD75D}.Release-all|x86.ActiveCfg = Release|x86
		{48A58130-3777-444E-B92D-D7169A7FD75D}.Release-all|x86.Build.0 = Release|x86
		{95D5A697-719F-42DD-8F9A-823F35B0748C}.Debug|Any CPU.ActiveCfg = Debug|Any CPU
		{95D5A697-719F-42DD-8F9A-823F35B0748C}.Debug|Any CPU.Build.0 = Debug|Any CPU
		{95D5A697-719F-42DD-8F9A-823F35B0748C}.Debug|Mixed Platforms.ActiveCfg = Debug|x86
		{95D5A697-719F-42DD-8F9A-823F35B0748C}.Debug|Mixed Platforms.Build.0 = Debug|x86
		{95D5A697-719F-42DD-8F9A-823F35B0748C}.Debug|Win32.ActiveCfg = Debug|x86
		{95D5A697-719F-42DD-8F9A-823F35B0748C}.Debug|x64.ActiveCfg = Debug|x64
		{95D5A697-719F-42DD-8F9A-823F35B0748C}.Debug|x64.Build.0 = Debug|x64
		{95D5A697-719F-42DD-8F9A-823F35B0748C}.Debug|x86.ActiveCfg = Debug|x86
		{95D5A697-719F-42DD-8F9A-823F35B0748C}.Debug|x86.Build.0 = Debug|x86
		{95D5A697-719F-42DD-8F9A-823F35B0748C}.Debug-all|Any CPU.ActiveCfg = Debug|x86
		{95D5A697-719F-42DD-8F9A-823F35B0748C}.Debug-all|Mixed Platforms.ActiveCfg = Debug|x86
		{95D5A697-719F-42DD-8F9A-823F35B0748C}.Debug-all|Mixed Platforms.Build.0 = Debug|x86
		{95D5A697-719F-42DD-8F9A-823F35B0748C}.Debug-all|Win32.ActiveCfg = Debug|x86
		{95D5A697-719F-42DD-8F9A-823F35B0748C}.Debug-all|x64.ActiveCfg = Debug|x86
		{95D5A697-719F-42DD-8F9A-823F35B0748C}.Debug-all|x86.ActiveCfg = Debug|x86
		{95D5A697-719F-42DD-8F9A-823F35B0748C}.Debug-all|x86.Build.0 = Debug|x86
		{95D5A697-719F-42DD-8F9A-823F35B0748C}.Release|Any CPU.ActiveCfg = Release|Any CPU
		{95D5A697-719F-42DD-8F9A-823F35B0748C}.Release|Any CPU.Build.0 = Release|Any CPU
		{95D5A697-719F-42DD-8F9A-823F35B0748C}.Release|Mixed Platforms.ActiveCfg = Release|x86
		{95D5A697-719F-42DD-8F9A-823F35B0748C}.Release|Mixed Platforms.Build.0 = Release|x86
		{95D5A697-719F-42DD-8F9A-823F35B0748C}.Release|Win32.ActiveCfg = Release|x86
		{95D5A697-719F-42DD-8F9A-823F35B0748C}.Release|x64.ActiveCfg = Release|x64
		{95D5A697-719F-42DD-8F9A-823F35B0748C}.Release|x64.Build.0 = Release|x64
		{95D5A697-719F-42DD-8F9A-823F35B0748C}.Release|x86.ActiveCfg = Release|x86
		{95D5A697-719F-42DD-8F9A-823F35B0748C}.Release|x86.Build.0 = Release|x86
		{95D5A697-719F-42DD-8F9A-823F35B0748C}.Release-all|Any CPU.ActiveCfg = Release|x86
		{95D5A697-719F-42DD-8F9A-823F35B0748C}.Release-all|Mixed Platforms.ActiveCfg = Release|x86
		{95D5A697-719F-42DD-8F9A-823F35B0748C}.Release-all|Mixed Platforms.Build.0 = Release|x86
		{95D5A697-719F-42DD-8F9A-823F35B0748C}.Release-all|Win32.ActiveCfg = Release|x86
		{95D5A697-719F-42DD-8F9A-823F35B0748C}.Release-all|x64.ActiveCfg = Release|x86
		{95D5A697-719F-42DD-8F9A-823F35B0748C}.Release-all|x86.ActiveCfg = Release|x86
		{95D5A697-719F-42DD-8F9A-823F35B0748C}.Release-all|x86.Build.0 = Release|x86
		{D2F2E853-9897-4261-8B83-1204149102C4}.Debug|Any CPU.ActiveCfg = Debug|Any CPU
		{D2F2E853-9897-4261-8B83-1204149102C4}.Debug|Any CPU.Build.0 = Debug|Any CPU
		{D2F2E853-9897-4261-8B83-1204149102C4}.Debug|Mixed Platforms.ActiveCfg = Debug|Any CPU
		{D2F2E853-9897-4261-8B83-1204149102C4}.Debug|Mixed Platforms.Build.0 = Debug|Any CPU
		{D2F2E853-9897-4261-8B83-1204149102C4}.Debug|Win32.ActiveCfg = Debug|Any CPU
		{D2F2E853-9897-4261-8B83-1204149102C4}.Debug|x64.ActiveCfg = Debug|x64
		{D2F2E853-9897-4261-8B83-1204149102C4}.Debug|x64.Build.0 = Debug|x64
		{D2F2E853-9897-4261-8B83-1204149102C4}.Debug|x86.ActiveCfg = Debug|Any CPU
		{D2F2E853-9897-4261-8B83-1204149102C4}.Debug|x86.Build.0 = Debug|Any CPU
		{D2F2E853-9897-4261-8B83-1204149102C4}.Debug-all|Any CPU.ActiveCfg = Debug|Any CPU
		{D2F2E853-9897-4261-8B83-1204149102C4}.Debug-all|Any CPU.Build.0 = Debug|Any CPU
		{D2F2E853-9897-4261-8B83-1204149102C4}.Debug-all|Mixed Platforms.ActiveCfg = Debug|Any CPU
		{D2F2E853-9897-4261-8B83-1204149102C4}.Debug-all|Mixed Platforms.Build.0 = Debug|Any CPU
		{D2F2E853-9897-4261-8B83-1204149102C4}.Debug-all|Win32.ActiveCfg = Debug|Any CPU
		{D2F2E853-9897-4261-8B83-1204149102C4}.Debug-all|x64.ActiveCfg = Debug|Any CPU
		{D2F2E853-9897-4261-8B83-1204149102C4}.Debug-all|x86.ActiveCfg = Debug|Any CPU
		{D2F2E853-9897-4261-8B83-1204149102C4}.Release|Any CPU.ActiveCfg = Release|Any CPU
		{D2F2E853-9897-4261-8B83-1204149102C4}.Release|Any CPU.Build.0 = Release|Any CPU
		{D2F2E853-9897-4261-8B83-1204149102C4}.Release|Mixed Platforms.ActiveCfg = Release|Any CPU
		{D2F2E853-9897-4261-8B83-1204149102C4}.Release|Mixed Platforms.Build.0 = Release|Any CPU
		{D2F2E853-9897-4261-8B83-1204149102C4}.Release|Win32.ActiveCfg = Release|Any CPU
		{D2F2E853-9897-4261-8B83-1204149102C4}.Release|x64.ActiveCfg = Release|Any CPU
		{D2F2E853-9897-4261-8B83-1204149102C4}.Release|x86.ActiveCfg = Release|Any CPU
		{D2F2E853-9897-4261-8B83-1204149102C4}.Release-all|Any CPU.ActiveCfg = Release|Any CPU
		{D2F2E853-9897-4261-8B83-1204149102C4}.Release-all|Any CPU.Build.0 = Release|Any CPU
		{D2F2E853-9897-4261-8B83-1204149102C4}.Release-all|Mixed Platforms.ActiveCfg = Release|Any CPU
		{D2F2E853-9897-4261-8B83-1204149102C4}.Release-all|Mixed Platforms.Build.0 = Release|Any CPU
		{D2F2E853-9897-4261-8B83-1204149102C4}.Release-all|Win32.ActiveCfg = Release|Any CPU
		{D2F2E853-9897-4261-8B83-1204149102C4}.Release-all|x64.ActiveCfg = Release|Any CPU
		{D2F2E853-9897-4261-8B83-1204149102C4}.Release-all|x86.ActiveCfg = Release|Any CPU
		{E86A7653-DED0-45B7-87F5-ED5B7706BC2F}.Debug|Any CPU.ActiveCfg = Debug|Any CPU
		{E86A7653-DED0-45B7-87F5-ED5B7706BC2F}.Debug|Any CPU.Build.0 = Debug|Any CPU
		{E86A7653-DED0-45B7-87F5-ED5B7706BC2F}.Debug|Mixed Platforms.ActiveCfg = Debug|x86
		{E86A7653-DED0-45B7-87F5-ED5B7706BC2F}.Debug|Mixed Platforms.Build.0 = Debug|x86
		{E86A7653-DED0-45B7-87F5-ED5B7706BC2F}.Debug|Win32.ActiveCfg = Debug|Any CPU
		{E86A7653-DED0-45B7-87F5-ED5B7706BC2F}.Debug|x64.ActiveCfg = Debug|x64
		{E86A7653-DED0-45B7-87F5-ED5B7706BC2F}.Debug|x64.Build.0 = Debug|x64
		{E86A7653-DED0-45B7-87F5-ED5B7706BC2F}.Debug|x86.ActiveCfg = Debug|x86
		{E86A7653-DED0-45B7-87F5-ED5B7706BC2F}.Debug|x86.Build.0 = Debug|x86
		{E86A7653-DED0-45B7-87F5-ED5B7706BC2F}.Debug-all|Any CPU.ActiveCfg = Debug|x86
		{E86A7653-DED0-45B7-87F5-ED5B7706BC2F}.Debug-all|Mixed Platforms.ActiveCfg = Debug|x86
		{E86A7653-DED0-45B7-87F5-ED5B7706BC2F}.Debug-all|Mixed Platforms.Build.0 = Debug|x86
		{E86A7653-DED0-45B7-87F5-ED5B7706BC2F}.Debug-all|Win32.ActiveCfg = Debug|Any CPU
		{E86A7653-DED0-45B7-87F5-ED5B7706BC2F}.Debug-all|x64.ActiveCfg = Debug|x86
		{E86A7653-DED0-45B7-87F5-ED5B7706BC2F}.Debug-all|x86.ActiveCfg = Debug|x86
		{E86A7653-DED0-45B7-87F5-ED5B7706BC2F}.Debug-all|x86.Build.0 = Debug|x86
		{E86A7653-DED0-45B7-87F5-ED5B7706BC2F}.Release|Any CPU.ActiveCfg = Release|x86
		{E86A7653-DED0-45B7-87F5-ED5B7706BC2F}.Release|Any CPU.Build.0 = Release|Any CPU
		{E86A7653-DED0-45B7-87F5-ED5B7706BC2F}.Release|Mixed Platforms.ActiveCfg = Release|x86
		{E86A7653-DED0-45B7-87F5-ED5B7706BC2F}.Release|Mixed Platforms.Build.0 = Release|x86
		{E86A7653-DED0-45B7-87F5-ED5B7706BC2F}.Release|Win32.ActiveCfg = Release|Any CPU
		{E86A7653-DED0-45B7-87F5-ED5B7706BC2F}.Release|x64.ActiveCfg = Release|x86
		{E86A7653-DED0-45B7-87F5-ED5B7706BC2F}.Release|x86.ActiveCfg = Release|x86
		{E86A7653-DED0-45B7-87F5-ED5B7706BC2F}.Release|x86.Build.0 = Release|x86
		{E86A7653-DED0-45B7-87F5-ED5B7706BC2F}.Release-all|Any CPU.ActiveCfg = Release|x86
		{E86A7653-DED0-45B7-87F5-ED5B7706BC2F}.Release-all|Mixed Platforms.ActiveCfg = Release|x86
		{E86A7653-DED0-45B7-87F5-ED5B7706BC2F}.Release-all|Mixed Platforms.Build.0 = Release|x86
		{E86A7653-DED0-45B7-87F5-ED5B7706BC2F}.Release-all|Win32.ActiveCfg = Release|Any CPU
		{E86A7653-DED0-45B7-87F5-ED5B7706BC2F}.Release-all|x64.ActiveCfg = Release|x86
		{E86A7653-DED0-45B7-87F5-ED5B7706BC2F}.Release-all|x86.ActiveCfg = Release|x86
		{E86A7653-DED0-45B7-87F5-ED5B7706BC2F}.Release-all|x86.Build.0 = Release|x86
		{E16FA0F2-BFA3-402E-A99F-45F67B3FF816}.Debug|Any CPU.ActiveCfg = Debug|Any CPU
		{E16FA0F2-BFA3-402E-A99F-45F67B3FF816}.Debug|Any CPU.Build.0 = Debug|Any CPU
		{E16FA0F2-BFA3-402E-A99F-45F67B3FF816}.Debug|Mixed Platforms.ActiveCfg = Debug|x86
		{E16FA0F2-BFA3-402E-A99F-45F67B3FF816}.Debug|Mixed Platforms.Build.0 = Debug|x86
		{E16FA0F2-BFA3-402E-A99F-45F67B3FF816}.Debug|Win32.ActiveCfg = Debug|x86
		{E16FA0F2-BFA3-402E-A99F-45F67B3FF816}.Debug|x64.ActiveCfg = Debug|x64
		{E16FA0F2-BFA3-402E-A99F-45F67B3FF816}.Debug|x64.Build.0 = Debug|x64
		{E16FA0F2-BFA3-402E-A99F-45F67B3FF816}.Debug|x86.ActiveCfg = Debug|x86
		{E16FA0F2-BFA3-402E-A99F-45F67B3FF816}.Debug|x86.Build.0 = Debug|x86
		{E16FA0F2-BFA3-402E-A99F-45F67B3FF816}.Debug-all|Any CPU.ActiveCfg = Debug|x86
		{E16FA0F2-BFA3-402E-A99F-45F67B3FF816}.Debug-all|Mixed Platforms.ActiveCfg = Debug|x86
		{E16FA0F2-BFA3-402E-A99F-45F67B3FF816}.Debug-all|Mixed Platforms.Build.0 = Debug|x86
		{E16FA0F2-BFA3-402E-A99F-45F67B3FF816}.Debug-all|Win32.ActiveCfg = Debug|x86
		{E16FA0F2-BFA3-402E-A99F-45F67B3FF816}.Debug-all|x64.ActiveCfg = Debug|x86
		{E16FA0F2-BFA3-402E-A99F-45F67B3FF816}.Debug-all|x86.ActiveCfg = Debug|x86
		{E16FA0F2-BFA3-402E-A99F-45F67B3FF816}.Debug-all|x86.Build.0 = Debug|x86
		{E16FA0F2-BFA3-402E-A99F-45F67B3FF816}.Release|Any CPU.ActiveCfg = Release|x86
		{E16FA0F2-BFA3-402E-A99F-45F67B3FF816}.Release|Any CPU.Build.0 = Release|Any CPU
		{E16FA0F2-BFA3-402E-A99F-45F67B3FF816}.Release|Mixed Platforms.ActiveCfg = Release|x86
		{E16FA0F2-BFA3-402E-A99F-45F67B3FF816}.Release|Mixed Platforms.Build.0 = Release|x86
		{E16FA0F2-BFA3-402E-A99F-45F67B3FF816}.Release|Win32.ActiveCfg = Release|x86
		{E16FA0F2-BFA3-402E-A99F-45F67B3FF816}.Release|x64.ActiveCfg = Release|x86
		{E16FA0F2-BFA3-402E-A99F-45F67B3FF816}.Release|x86.ActiveCfg = Release|x86
		{E16FA0F2-BFA3-402E-A99F-45F67B3FF816}.Release|x86.Build.0 = Release|x86
		{E16FA0F2-BFA3-402E-A99F-45F67B3FF816}.Release-all|Any CPU.ActiveCfg = Release|x86
		{E16FA0F2-BFA3-402E-A99F-45F67B3FF816}.Release-all|Mixed Platforms.ActiveCfg = Release|x86
		{E16FA0F2-BFA3-402E-A99F-45F67B3FF816}.Release-all|Mixed Platforms.Build.0 = Release|x86
		{E16FA0F2-BFA3-402E-A99F-45F67B3FF816}.Release-all|Win32.ActiveCfg = Release|x86
		{E16FA0F2-BFA3-402E-A99F-45F67B3FF816}.Release-all|x64.ActiveCfg = Release|x86
		{E16FA0F2-BFA3-402E-A99F-45F67B3FF816}.Release-all|x86.ActiveCfg = Release|x86
		{E16FA0F2-BFA3-402E-A99F-45F67B3FF816}.Release-all|x86.Build.0 = Release|x86
		{EEE4F434-7CE1-4BE7-A2A4-2AB49A17341C}.Debug|Any CPU.ActiveCfg = Debug|Any CPU
		{EEE4F434-7CE1-4BE7-A2A4-2AB49A17341C}.Debug|Any CPU.Build.0 = Debug|Any CPU
		{EEE4F434-7CE1-4BE7-A2A4-2AB49A17341C}.Debug|Mixed Platforms.ActiveCfg = Debug|x86
		{EEE4F434-7CE1-4BE7-A2A4-2AB49A17341C}.Debug|Mixed Platforms.Build.0 = Debug|x86
		{EEE4F434-7CE1-4BE7-A2A4-2AB49A17341C}.Debug|Win32.ActiveCfg = Debug|x86
		{EEE4F434-7CE1-4BE7-A2A4-2AB49A17341C}.Debug|x64.ActiveCfg = Debug|x64
		{EEE4F434-7CE1-4BE7-A2A4-2AB49A17341C}.Debug|x64.Build.0 = Debug|x64
		{EEE4F434-7CE1-4BE7-A2A4-2AB49A17341C}.Debug|x86.ActiveCfg = Debug|x86
		{EEE4F434-7CE1-4BE7-A2A4-2AB49A17341C}.Debug|x86.Build.0 = Debug|x86
		{EEE4F434-7CE1-4BE7-A2A4-2AB49A17341C}.Debug-all|Any CPU.ActiveCfg = Debug|x86
		{EEE4F434-7CE1-4BE7-A2A4-2AB49A17341C}.Debug-all|Mixed Platforms.ActiveCfg = Debug|x86
		{EEE4F434-7CE1-4BE7-A2A4-2AB49A17341C}.Debug-all|Mixed Platforms.Build.0 = Debug|x86
		{EEE4F434-7CE1-4BE7-A2A4-2AB49A17341C}.Debug-all|Win32.ActiveCfg = Debug|x86
		{EEE4F434-7CE1-4BE7-A2A4-2AB49A17341C}.Debug-all|x64.ActiveCfg = Debug|x86
		{EEE4F434-7CE1-4BE7-A2A4-2AB49A17341C}.Debug-all|x86.ActiveCfg = Debug|x86
		{EEE4F434-7CE1-4BE7-A2A4-2AB49A17341C}.Debug-all|x86.Build.0 = Debug|x86
		{EEE4F434-7CE1-4BE7-A2A4-2AB49A17341C}.Release|Any CPU.ActiveCfg = Release|x86
		{EEE4F434-7CE1-4BE7-A2A4-2AB49A17341C}.Release|Any CPU.Build.0 = Release|Any CPU
		{EEE4F434-7CE1-4BE7-A2A4-2AB49A17341C}.Release|Mixed Platforms.ActiveCfg = Release|x86
		{EEE4F434-7CE1-4BE7-A2A4-2AB49A17341C}.Release|Mixed Platforms.Build.0 = Release|x86
		{EEE4F434-7CE1-4BE7-A2A4-2AB49A17341C}.Release|Win32.ActiveCfg = Release|x86
		{EEE4F434-7CE1-4BE7-A2A4-2AB49A17341C}.Release|x64.ActiveCfg = Release|x86
		{EEE4F434-7CE1-4BE7-A2A4-2AB49A17341C}.Release|x86.ActiveCfg = Release|x86
		{EEE4F434-7CE1-4BE7-A2A4-2AB49A17341C}.Release|x86.Build.0 = Release|x86
		{EEE4F434-7CE1-4BE7-A2A4-2AB49A17341C}.Release-all|Any CPU.ActiveCfg = Release|x86
		{EEE4F434-7CE1-4BE7-A2A4-2AB49A17341C}.Release-all|Mixed Platforms.ActiveCfg = Release|x86
		{EEE4F434-7CE1-4BE7-A2A4-2AB49A17341C}.Release-all|Mixed Platforms.Build.0 = Release|x86
		{EEE4F434-7CE1-4BE7-A2A4-2AB49A17341C}.Release-all|Win32.ActiveCfg = Release|x86
		{EEE4F434-7CE1-4BE7-A2A4-2AB49A17341C}.Release-all|x64.ActiveCfg = Release|x86
		{EEE4F434-7CE1-4BE7-A2A4-2AB49A17341C}.Release-all|x86.ActiveCfg = Release|x86
		{EEE4F434-7CE1-4BE7-A2A4-2AB49A17341C}.Release-all|x86.Build.0 = Release|x86
		{289E2987-E809-48FE-BF2B-DEBC366C745D}.Debug|Any CPU.ActiveCfg = Debug|Any CPU
		{289E2987-E809-48FE-BF2B-DEBC366C745D}.Debug|Any CPU.Build.0 = Debug|Any CPU
		{289E2987-E809-48FE-BF2B-DEBC366C745D}.Debug|Mixed Platforms.ActiveCfg = Debug|x86
		{289E2987-E809-48FE-BF2B-DEBC366C745D}.Debug|Mixed Platforms.Build.0 = Debug|x86
		{289E2987-E809-48FE-BF2B-DEBC366C745D}.Debug|Win32.ActiveCfg = Debug|x86
		{289E2987-E809-48FE-BF2B-DEBC366C745D}.Debug|x64.ActiveCfg = Debug|x64
		{289E2987-E809-48FE-BF2B-DEBC366C745D}.Debug|x64.Build.0 = Debug|x64
		{289E2987-E809-48FE-BF2B-DEBC366C745D}.Debug|x86.ActiveCfg = Debug|x86
		{289E2987-E809-48FE-BF2B-DEBC366C745D}.Debug|x86.Build.0 = Debug|x86
		{289E2987-E809-48FE-BF2B-DEBC366C745D}.Debug-all|Any CPU.ActiveCfg = Debug|x86
		{289E2987-E809-48FE-BF2B-DEBC366C745D}.Debug-all|Mixed Platforms.ActiveCfg = Debug|x86
		{289E2987-E809-48FE-BF2B-DEBC366C745D}.Debug-all|Mixed Platforms.Build.0 = Debug|x86
		{289E2987-E809-48FE-BF2B-DEBC366C745D}.Debug-all|Win32.ActiveCfg = Debug|x86
		{289E2987-E809-48FE-BF2B-DEBC366C745D}.Debug-all|x64.ActiveCfg = Debug|x86
		{289E2987-E809-48FE-BF2B-DEBC366C745D}.Debug-all|x86.ActiveCfg = Debug|x86
		{289E2987-E809-48FE-BF2B-DEBC366C745D}.Debug-all|x86.Build.0 = Debug|x86
		{289E2987-E809-48FE-BF2B-DEBC366C745D}.Release|Any CPU.ActiveCfg = Release|x86
		{289E2987-E809-48FE-BF2B-DEBC366C745D}.Release|Any CPU.Build.0 = Release|Any CPU
		{289E2987-E809-48FE-BF2B-DEBC366C745D}.Release|Mixed Platforms.ActiveCfg = Release|x86
		{289E2987-E809-48FE-BF2B-DEBC366C745D}.Release|Mixed Platforms.Build.0 = Release|x86
		{289E2987-E809-48FE-BF2B-DEBC366C745D}.Release|Win32.ActiveCfg = Release|x86
		{289E2987-E809-48FE-BF2B-DEBC366C745D}.Release|x64.ActiveCfg = Release|x86
		{289E2987-E809-48FE-BF2B-DEBC366C745D}.Release|x86.ActiveCfg = Release|x86
		{289E2987-E809-48FE-BF2B-DEBC366C745D}.Release|x86.Build.0 = Release|x86
		{289E2987-E809-48FE-BF2B-DEBC366C745D}.Release-all|Any CPU.ActiveCfg = Release|x86
		{289E2987-E809-48FE-BF2B-DEBC366C745D}.Release-all|Mixed Platforms.ActiveCfg = Release|x86
		{289E2987-E809-48FE-BF2B-DEBC366C745D}.Release-all|Mixed Platforms.Build.0 = Release|x86
		{289E2987-E809-48FE-BF2B-DEBC366C745D}.Release-all|Win32.ActiveCfg = Release|x86
		{289E2987-E809-48FE-BF2B-DEBC366C745D}.Release-all|x64.ActiveCfg = Release|x86
		{289E2987-E809-48FE-BF2B-DEBC366C745D}.Release-all|x86.ActiveCfg = Release|x86
		{289E2987-E809-48FE-BF2B-DEBC366C745D}.Release-all|x86.Build.0 = Release|x86
		{01DDFA2D-045B-45DC-BE25-9B6E658D5013}.Debug|Any CPU.ActiveCfg = Debug|Any CPU
		{01DDFA2D-045B-45DC-BE25-9B6E658D5013}.Debug|Any CPU.Build.0 = Debug|Any CPU
		{01DDFA2D-045B-45DC-BE25-9B6E658D5013}.Debug|Mixed Platforms.ActiveCfg = Debug|Any CPU
		{01DDFA2D-045B-45DC-BE25-9B6E658D5013}.Debug|Mixed Platforms.Build.0 = Debug|Any CPU
		{01DDFA2D-045B-45DC-BE25-9B6E658D5013}.Debug|Win32.ActiveCfg = Debug|Any CPU
		{01DDFA2D-045B-45DC-BE25-9B6E658D5013}.Debug|x64.ActiveCfg = Debug|x64
		{01DDFA2D-045B-45DC-BE25-9B6E658D5013}.Debug|x86.ActiveCfg = Debug|Any CPU
		{01DDFA2D-045B-45DC-BE25-9B6E658D5013}.Debug-all|Any CPU.ActiveCfg = Debug|Any CPU
		{01DDFA2D-045B-45DC-BE25-9B6E658D5013}.Debug-all|Any CPU.Build.0 = Debug|Any CPU
		{01DDFA2D-045B-45DC-BE25-9B6E658D5013}.Debug-all|Mixed Platforms.ActiveCfg = Debug|Any CPU
		{01DDFA2D-045B-45DC-BE25-9B6E658D5013}.Debug-all|Mixed Platforms.Build.0 = Debug|Any CPU
		{01DDFA2D-045B-45DC-BE25-9B6E658D5013}.Debug-all|Win32.ActiveCfg = Debug|Any CPU
		{01DDFA2D-045B-45DC-BE25-9B6E658D5013}.Debug-all|x64.ActiveCfg = Debug|Any CPU
		{01DDFA2D-045B-45DC-BE25-9B6E658D5013}.Debug-all|x86.ActiveCfg = Debug|Any CPU
		{01DDFA2D-045B-45DC-BE25-9B6E658D5013}.Release|Any CPU.ActiveCfg = Release|Any CPU
		{01DDFA2D-045B-45DC-BE25-9B6E658D5013}.Release|Any CPU.Build.0 = Release|Any CPU
		{01DDFA2D-045B-45DC-BE25-9B6E658D5013}.Release|Mixed Platforms.ActiveCfg = Release|Any CPU
		{01DDFA2D-045B-45DC-BE25-9B6E658D5013}.Release|Mixed Platforms.Build.0 = Release|Any CPU
		{01DDFA2D-045B-45DC-BE25-9B6E658D5013}.Release|Win32.ActiveCfg = Release|Any CPU
		{01DDFA2D-045B-45DC-BE25-9B6E658D5013}.Release|x64.ActiveCfg = Release|Any CPU
		{01DDFA2D-045B-45DC-BE25-9B6E658D5013}.Release|x86.ActiveCfg = Release|Any CPU
		{01DDFA2D-045B-45DC-BE25-9B6E658D5013}.Release-all|Any CPU.ActiveCfg = Release|Any CPU
		{01DDFA2D-045B-45DC-BE25-9B6E658D5013}.Release-all|Any CPU.Build.0 = Release|Any CPU
		{01DDFA2D-045B-45DC-BE25-9B6E658D5013}.Release-all|Mixed Platforms.ActiveCfg = Release|Any CPU
		{01DDFA2D-045B-45DC-BE25-9B6E658D5013}.Release-all|Mixed Platforms.Build.0 = Release|Any CPU
		{01DDFA2D-045B-45DC-BE25-9B6E658D5013}.Release-all|Win32.ActiveCfg = Release|Any CPU
		{01DDFA2D-045B-45DC-BE25-9B6E658D5013}.Release-all|x64.ActiveCfg = Release|Any CPU
		{01DDFA2D-045B-45DC-BE25-9B6E658D5013}.Release-all|x86.ActiveCfg = Release|Any CPU
		{BD8E1D23-F1C2-4D8C-B2CB-1861758C3B8E}.Debug|Any CPU.ActiveCfg = Debug|x86
		{BD8E1D23-F1C2-4D8C-B2CB-1861758C3B8E}.Debug|Mixed Platforms.ActiveCfg = Debug|x86
		{BD8E1D23-F1C2-4D8C-B2CB-1861758C3B8E}.Debug|Mixed Platforms.Build.0 = Debug|x86
		{BD8E1D23-F1C2-4D8C-B2CB-1861758C3B8E}.Debug|Win32.ActiveCfg = Debug|x86
		{BD8E1D23-F1C2-4D8C-B2CB-1861758C3B8E}.Debug|x64.ActiveCfg = Debug|x64
		{BD8E1D23-F1C2-4D8C-B2CB-1861758C3B8E}.Debug|x64.Build.0 = Debug|x64
		{BD8E1D23-F1C2-4D8C-B2CB-1861758C3B8E}.Debug|x86.ActiveCfg = Debug|x86
		{BD8E1D23-F1C2-4D8C-B2CB-1861758C3B8E}.Debug|x86.Build.0 = Debug|x86
		{BD8E1D23-F1C2-4D8C-B2CB-1861758C3B8E}.Debug-all|Any CPU.ActiveCfg = Debug|x86
		{BD8E1D23-F1C2-4D8C-B2CB-1861758C3B8E}.Debug-all|Mixed Platforms.ActiveCfg = Debug|x86
		{BD8E1D23-F1C2-4D8C-B2CB-1861758C3B8E}.Debug-all|Mixed Platforms.Build.0 = Debug|x86
		{BD8E1D23-F1C2-4D8C-B2CB-1861758C3B8E}.Debug-all|Win32.ActiveCfg = Debug|x86
		{BD8E1D23-F1C2-4D8C-B2CB-1861758C3B8E}.Debug-all|x64.ActiveCfg = Debug|x86
		{BD8E1D23-F1C2-4D8C-B2CB-1861758C3B8E}.Debug-all|x86.ActiveCfg = Debug|x86
		{BD8E1D23-F1C2-4D8C-B2CB-1861758C3B8E}.Debug-all|x86.Build.0 = Debug|x86
		{BD8E1D23-F1C2-4D8C-B2CB-1861758C3B8E}.Release|Any CPU.ActiveCfg = Release|x86
		{BD8E1D23-F1C2-4D8C-B2CB-1861758C3B8E}.Release|Mixed Platforms.ActiveCfg = Release|x86
		{BD8E1D23-F1C2-4D8C-B2CB-1861758C3B8E}.Release|Mixed Platforms.Build.0 = Release|x86
		{BD8E1D23-F1C2-4D8C-B2CB-1861758C3B8E}.Release|Win32.ActiveCfg = Release|x86
		{BD8E1D23-F1C2-4D8C-B2CB-1861758C3B8E}.Release|x64.ActiveCfg = Release|x86
		{BD8E1D23-F1C2-4D8C-B2CB-1861758C3B8E}.Release|x86.ActiveCfg = Release|x86
		{BD8E1D23-F1C2-4D8C-B2CB-1861758C3B8E}.Release|x86.Build.0 = Release|x86
		{BD8E1D23-F1C2-4D8C-B2CB-1861758C3B8E}.Release-all|Any CPU.ActiveCfg = Release|x86
		{BD8E1D23-F1C2-4D8C-B2CB-1861758C3B8E}.Release-all|Mixed Platforms.ActiveCfg = Release|x86
		{BD8E1D23-F1C2-4D8C-B2CB-1861758C3B8E}.Release-all|Mixed Platforms.Build.0 = Release|x86
		{BD8E1D23-F1C2-4D8C-B2CB-1861758C3B8E}.Release-all|Win32.ActiveCfg = Release|x86
		{BD8E1D23-F1C2-4D8C-B2CB-1861758C3B8E}.Release-all|x64.ActiveCfg = Release|x86
		{BD8E1D23-F1C2-4D8C-B2CB-1861758C3B8E}.Release-all|x86.ActiveCfg = Release|x86
		{BD8E1D23-F1C2-4D8C-B2CB-1861758C3B8E}.Release-all|x86.Build.0 = Release|x86
		{584F225C-D5C0-456B-9B35-0DB54A1309FB}.Debug|Any CPU.ActiveCfg = Debug|x86
		{584F225C-D5C0-456B-9B35-0DB54A1309FB}.Debug|Mixed Platforms.ActiveCfg = Debug|x86
		{584F225C-D5C0-456B-9B35-0DB54A1309FB}.Debug|Mixed Platforms.Build.0 = Debug|x86
		{584F225C-D5C0-456B-9B35-0DB54A1309FB}.Debug|Win32.ActiveCfg = Debug|x86
		{584F225C-D5C0-456B-9B35-0DB54A1309FB}.Debug|x64.ActiveCfg = Debug|x64
		{584F225C-D5C0-456B-9B35-0DB54A1309FB}.Debug|x86.ActiveCfg = Debug|x86
		{584F225C-D5C0-456B-9B35-0DB54A1309FB}.Debug-all|Any CPU.ActiveCfg = Debug|x86
		{584F225C-D5C0-456B-9B35-0DB54A1309FB}.Debug-all|Mixed Platforms.ActiveCfg = Debug|x86
		{584F225C-D5C0-456B-9B35-0DB54A1309FB}.Debug-all|Mixed Platforms.Build.0 = Debug|x86
		{584F225C-D5C0-456B-9B35-0DB54A1309FB}.Debug-all|Win32.ActiveCfg = Debug|x86
		{584F225C-D5C0-456B-9B35-0DB54A1309FB}.Debug-all|x64.ActiveCfg = Debug|x86
		{584F225C-D5C0-456B-9B35-0DB54A1309FB}.Debug-all|x86.ActiveCfg = Debug|x86
		{584F225C-D5C0-456B-9B35-0DB54A1309FB}.Debug-all|x86.Build.0 = Debug|x86
		{584F225C-D5C0-456B-9B35-0DB54A1309FB}.Release|Any CPU.ActiveCfg = Release|x86
		{584F225C-D5C0-456B-9B35-0DB54A1309FB}.Release|Mixed Platforms.ActiveCfg = Release|x86
		{584F225C-D5C0-456B-9B35-0DB54A1309FB}.Release|Mixed Platforms.Build.0 = Release|x86
		{584F225C-D5C0-456B-9B35-0DB54A1309FB}.Release|Win32.ActiveCfg = Release|x86
		{584F225C-D5C0-456B-9B35-0DB54A1309FB}.Release|x64.ActiveCfg = Release|x86
		{584F225C-D5C0-456B-9B35-0DB54A1309FB}.Release|x86.ActiveCfg = Release|x86
		{584F225C-D5C0-456B-9B35-0DB54A1309FB}.Release|x86.Build.0 = Release|x86
		{584F225C-D5C0-456B-9B35-0DB54A1309FB}.Release-all|Any CPU.ActiveCfg = Release|x86
		{584F225C-D5C0-456B-9B35-0DB54A1309FB}.Release-all|Mixed Platforms.ActiveCfg = Release|x86
		{584F225C-D5C0-456B-9B35-0DB54A1309FB}.Release-all|Mixed Platforms.Build.0 = Release|x86
		{584F225C-D5C0-456B-9B35-0DB54A1309FB}.Release-all|Win32.ActiveCfg = Release|x86
		{584F225C-D5C0-456B-9B35-0DB54A1309FB}.Release-all|x64.ActiveCfg = Release|x86
		{584F225C-D5C0-456B-9B35-0DB54A1309FB}.Release-all|x86.ActiveCfg = Release|x86
		{584F225C-D5C0-456B-9B35-0DB54A1309FB}.Release-all|x86.Build.0 = Release|x86
		{EC422221-93C6-427E-940C-E9B8EF6D2083}.Debug|Any CPU.ActiveCfg = Debug|x86
		{EC422221-93C6-427E-940C-E9B8EF6D2083}.Debug|Mixed Platforms.ActiveCfg = Debug|x86
		{EC422221-93C6-427E-940C-E9B8EF6D2083}.Debug|Mixed Platforms.Build.0 = Debug|x86
		{EC422221-93C6-427E-940C-E9B8EF6D2083}.Debug|Win32.ActiveCfg = Debug|x86
		{EC422221-93C6-427E-940C-E9B8EF6D2083}.Debug|x64.ActiveCfg = Debug|x64
		{EC422221-93C6-427E-940C-E9B8EF6D2083}.Debug|x64.Build.0 = Debug|x64
		{EC422221-93C6-427E-940C-E9B8EF6D2083}.Debug|x86.ActiveCfg = Debug|x86
		{EC422221-93C6-427E-940C-E9B8EF6D2083}.Debug|x86.Build.0 = Debug|x86
		{EC422221-93C6-427E-940C-E9B8EF6D2083}.Debug-all|Any CPU.ActiveCfg = Debug|x86
		{EC422221-93C6-427E-940C-E9B8EF6D2083}.Debug-all|Mixed Platforms.ActiveCfg = Debug|x86
		{EC422221-93C6-427E-940C-E9B8EF6D2083}.Debug-all|Mixed Platforms.Build.0 = Debug|x86
		{EC422221-93C6-427E-940C-E9B8EF6D2083}.Debug-all|Win32.ActiveCfg = Debug|x86
		{EC422221-93C6-427E-940C-E9B8EF6D2083}.Debug-all|x64.ActiveCfg = Debug|x86
		{EC422221-93C6-427E-940C-E9B8EF6D2083}.Debug-all|x86.ActiveCfg = Debug|x86
		{EC422221-93C6-427E-940C-E9B8EF6D2083}.Debug-all|x86.Build.0 = Debug|x86
		{EC422221-93C6-427E-940C-E9B8EF6D2083}.Release|Any CPU.ActiveCfg = Release|x86
		{EC422221-93C6-427E-940C-E9B8EF6D2083}.Release|Mixed Platforms.ActiveCfg = Release|x86
		{EC422221-93C6-427E-940C-E9B8EF6D2083}.Release|Mixed Platforms.Build.0 = Release|x86
		{EC422221-93C6-427E-940C-E9B8EF6D2083}.Release|Win32.ActiveCfg = Release|x86
		{EC422221-93C6-427E-940C-E9B8EF6D2083}.Release|x64.ActiveCfg = Release|x86
		{EC422221-93C6-427E-940C-E9B8EF6D2083}.Release|x86.ActiveCfg = Release|x86
		{EC422221-93C6-427E-940C-E9B8EF6D2083}.Release|x86.Build.0 = Release|x86
		{EC422221-93C6-427E-940C-E9B8EF6D2083}.Release-all|Any CPU.ActiveCfg = Release|x86
		{EC422221-93C6-427E-940C-E9B8EF6D2083}.Release-all|Mixed Platforms.ActiveCfg = Release|x86
		{EC422221-93C6-427E-940C-E9B8EF6D2083}.Release-all|Mixed Platforms.Build.0 = Release|x86
		{EC422221-93C6-427E-940C-E9B8EF6D2083}.Release-all|Win32.ActiveCfg = Release|x86
		{EC422221-93C6-427E-940C-E9B8EF6D2083}.Release-all|x64.ActiveCfg = Release|x86
		{EC422221-93C6-427E-940C-E9B8EF6D2083}.Release-all|x86.ActiveCfg = Release|x86
		{EC422221-93C6-427E-940C-E9B8EF6D2083}.Release-all|x86.Build.0 = Release|x86
		{E691EDD7-3326-4CD0-81D0-1D35AB702018}.Debug|Any CPU.ActiveCfg = Debug|Any CPU
		{E691EDD7-3326-4CD0-81D0-1D35AB702018}.Debug|Any CPU.Build.0 = Debug|Any CPU
		{E691EDD7-3326-4CD0-81D0-1D35AB702018}.Debug|Mixed Platforms.ActiveCfg = Debug|Any CPU
		{E691EDD7-3326-4CD0-81D0-1D35AB702018}.Debug|Mixed Platforms.Build.0 = Debug|Any CPU
		{E691EDD7-3326-4CD0-81D0-1D35AB702018}.Debug|Win32.ActiveCfg = Debug|Any CPU
		{E691EDD7-3326-4CD0-81D0-1D35AB702018}.Debug|Win32.Build.0 = Debug|Any CPU
		{E691EDD7-3326-4CD0-81D0-1D35AB702018}.Debug|x64.ActiveCfg = Debug|Any CPU
		{E691EDD7-3326-4CD0-81D0-1D35AB702018}.Debug|x64.Build.0 = Debug|Any CPU
		{E691EDD7-3326-4CD0-81D0-1D35AB702018}.Debug|x86.ActiveCfg = Debug|Any CPU
		{E691EDD7-3326-4CD0-81D0-1D35AB702018}.Debug|x86.Build.0 = Debug|Any CPU
		{E691EDD7-3326-4CD0-81D0-1D35AB702018}.Debug-all|Any CPU.ActiveCfg = Debug|Any CPU
		{E691EDD7-3326-4CD0-81D0-1D35AB702018}.Debug-all|Any CPU.Build.0 = Debug|Any CPU
		{E691EDD7-3326-4CD0-81D0-1D35AB702018}.Debug-all|Mixed Platforms.ActiveCfg = Debug|Any CPU
		{E691EDD7-3326-4CD0-81D0-1D35AB702018}.Debug-all|Mixed Platforms.Build.0 = Debug|Any CPU
		{E691EDD7-3326-4CD0-81D0-1D35AB702018}.Debug-all|Win32.ActiveCfg = Debug|Any CPU
		{E691EDD7-3326-4CD0-81D0-1D35AB702018}.Debug-all|Win32.Build.0 = Debug|Any CPU
		{E691EDD7-3326-4CD0-81D0-1D35AB702018}.Debug-all|x64.ActiveCfg = Debug|Any CPU
		{E691EDD7-3326-4CD0-81D0-1D35AB702018}.Debug-all|x64.Build.0 = Debug|Any CPU
		{E691EDD7-3326-4CD0-81D0-1D35AB702018}.Debug-all|x86.ActiveCfg = Debug|Any CPU
		{E691EDD7-3326-4CD0-81D0-1D35AB702018}.Debug-all|x86.Build.0 = Debug|Any CPU
		{E691EDD7-3326-4CD0-81D0-1D35AB702018}.Release|Any CPU.ActiveCfg = Debug|Any CPU
		{E691EDD7-3326-4CD0-81D0-1D35AB702018}.Release|Any CPU.Build.0 = Debug|Any CPU
		{E691EDD7-3326-4CD0-81D0-1D35AB702018}.Release|Mixed Platforms.ActiveCfg = Debug|Any CPU
		{E691EDD7-3326-4CD0-81D0-1D35AB702018}.Release|Mixed Platforms.Build.0 = Debug|Any CPU
		{E691EDD7-3326-4CD0-81D0-1D35AB702018}.Release|Win32.ActiveCfg = Debug|Any CPU
		{E691EDD7-3326-4CD0-81D0-1D35AB702018}.Release|Win32.Build.0 = Debug|Any CPU
		{E691EDD7-3326-4CD0-81D0-1D35AB702018}.Release|x64.ActiveCfg = Debug|Any CPU
		{E691EDD7-3326-4CD0-81D0-1D35AB702018}.Release|x64.Build.0 = Debug|Any CPU
		{E691EDD7-3326-4CD0-81D0-1D35AB702018}.Release|x86.ActiveCfg = Debug|Any CPU
		{E691EDD7-3326-4CD0-81D0-1D35AB702018}.Release|x86.Build.0 = Debug|Any CPU
		{E691EDD7-3326-4CD0-81D0-1D35AB702018}.Release-all|Any CPU.ActiveCfg = Debug|Any CPU
		{E691EDD7-3326-4CD0-81D0-1D35AB702018}.Release-all|Any CPU.Build.0 = Debug|Any CPU
		{E691EDD7-3326-4CD0-81D0-1D35AB702018}.Release-all|Mixed Platforms.ActiveCfg = Debug|Any CPU
		{E691EDD7-3326-4CD0-81D0-1D35AB702018}.Release-all|Mixed Platforms.Build.0 = Debug|Any CPU
		{E691EDD7-3326-4CD0-81D0-1D35AB702018}.Release-all|Win32.ActiveCfg = Debug|Any CPU
		{E691EDD7-3326-4CD0-81D0-1D35AB702018}.Release-all|Win32.Build.0 = Debug|Any CPU
		{E691EDD7-3326-4CD0-81D0-1D35AB702018}.Release-all|x64.ActiveCfg = Debug|Any CPU
		{E691EDD7-3326-4CD0-81D0-1D35AB702018}.Release-all|x64.Build.0 = Debug|Any CPU
		{E691EDD7-3326-4CD0-81D0-1D35AB702018}.Release-all|x86.ActiveCfg = Debug|Any CPU
		{E691EDD7-3326-4CD0-81D0-1D35AB702018}.Release-all|x86.Build.0 = Debug|Any CPU
		{14112B9B-22BA-48FE-9A70-5A64EFAABEC8}.Debug|Any CPU.ActiveCfg = Debug|x86
		{14112B9B-22BA-48FE-9A70-5A64EFAABEC8}.Debug|Mixed Platforms.ActiveCfg = Debug|x86
		{14112B9B-22BA-48FE-9A70-5A64EFAABEC8}.Debug|Mixed Platforms.Build.0 = Debug|x86
		{14112B9B-22BA-48FE-9A70-5A64EFAABEC8}.Debug|Win32.ActiveCfg = Debug|x86
		{14112B9B-22BA-48FE-9A70-5A64EFAABEC8}.Debug|Win32.Build.0 = Debug|x86
		{14112B9B-22BA-48FE-9A70-5A64EFAABEC8}.Debug|x64.ActiveCfg = Debug|x64
		{14112B9B-22BA-48FE-9A70-5A64EFAABEC8}.Debug|x64.Build.0 = Debug|x64
		{14112B9B-22BA-48FE-9A70-5A64EFAABEC8}.Debug|x86.ActiveCfg = Debug|x86
		{14112B9B-22BA-48FE-9A70-5A64EFAABEC8}.Debug|x86.Build.0 = Debug|x86
		{14112B9B-22BA-48FE-9A70-5A64EFAABEC8}.Debug-all|Any CPU.ActiveCfg = Release|x86
		{14112B9B-22BA-48FE-9A70-5A64EFAABEC8}.Debug-all|Any CPU.Build.0 = Release|x86
		{14112B9B-22BA-48FE-9A70-5A64EFAABEC8}.Debug-all|Mixed Platforms.ActiveCfg = Debug|x86
		{14112B9B-22BA-48FE-9A70-5A64EFAABEC8}.Debug-all|Mixed Platforms.Build.0 = Debug|x86
		{14112B9B-22BA-48FE-9A70-5A64EFAABEC8}.Debug-all|Win32.ActiveCfg = Debug|x86
		{14112B9B-22BA-48FE-9A70-5A64EFAABEC8}.Debug-all|Win32.Build.0 = Debug|x86
		{14112B9B-22BA-48FE-9A70-5A64EFAABEC8}.Debug-all|x64.ActiveCfg = Release|x86
		{14112B9B-22BA-48FE-9A70-5A64EFAABEC8}.Debug-all|x64.Build.0 = Release|x86
		{14112B9B-22BA-48FE-9A70-5A64EFAABEC8}.Debug-all|x86.ActiveCfg = Debug|x86
		{14112B9B-22BA-48FE-9A70-5A64EFAABEC8}.Debug-all|x86.Build.0 = Debug|x86
		{14112B9B-22BA-48FE-9A70-5A64EFAABEC8}.Release|Any CPU.ActiveCfg = Release|x86
		{14112B9B-22BA-48FE-9A70-5A64EFAABEC8}.Release|Mixed Platforms.ActiveCfg = Release|x86
		{14112B9B-22BA-48FE-9A70-5A64EFAABEC8}.Release|Mixed Platforms.Build.0 = Release|x86
		{14112B9B-22BA-48FE-9A70-5A64EFAABEC8}.Release|Win32.ActiveCfg = Release|x86
		{14112B9B-22BA-48FE-9A70-5A64EFAABEC8}.Release|Win32.Build.0 = Release|x86
		{14112B9B-22BA-48FE-9A70-5A64EFAABEC8}.Release|x64.ActiveCfg = Release|x86
		{14112B9B-22BA-48FE-9A70-5A64EFAABEC8}.Release|x86.ActiveCfg = Release|x86
		{14112B9B-22BA-48FE-9A70-5A64EFAABEC8}.Release|x86.Build.0 = Release|x86
		{14112B9B-22BA-48FE-9A70-5A64EFAABEC8}.Release-all|Any CPU.ActiveCfg = Release|x86
		{14112B9B-22BA-48FE-9A70-5A64EFAABEC8}.Release-all|Any CPU.Build.0 = Release|x86
		{14112B9B-22BA-48FE-9A70-5A64EFAABEC8}.Release-all|Mixed Platforms.ActiveCfg = Release|x86
		{14112B9B-22BA-48FE-9A70-5A64EFAABEC8}.Release-all|Mixed Platforms.Build.0 = Release|x86
		{14112B9B-22BA-48FE-9A70-5A64EFAABEC8}.Release-all|Win32.ActiveCfg = Release|x86
		{14112B9B-22BA-48FE-9A70-5A64EFAABEC8}.Release-all|Win32.Build.0 = Release|x86
		{14112B9B-22BA-48FE-9A70-5A64EFAABEC8}.Release-all|x64.ActiveCfg = Release|x86
		{14112B9B-22BA-48FE-9A70-5A64EFAABEC8}.Release-all|x64.Build.0 = Release|x86
		{14112B9B-22BA-48FE-9A70-5A64EFAABEC8}.Release-all|x86.ActiveCfg = Release|x86
		{14112B9B-22BA-48FE-9A70-5A64EFAABEC8}.Release-all|x86.Build.0 = Release|x86
	EndGlobalSection
	GlobalSection(SolutionProperties) = preSolution
		HideSolutionNode = FALSE
	EndGlobalSection
	GlobalSection(NestedProjects) = preSolution
		{19C1D370-12A8-49DC-AC48-6B04076D0D11} = {2A3C898C-80E3-4A49-90A1-D6BA08B8F033}
		{FBC7C6BA-22F0-4D21-9065-33E20FB81E75} = {2A3C898C-80E3-4A49-90A1-D6BA08B8F033}
		{6EDC2812-F1C6-4F0F-AFE8-C9DE491F7B9B} = {2A3C898C-80E3-4A49-90A1-D6BA08B8F033}
		{AAB956F2-D943-47BF-80F1-9617927CABD0} = {2A3C898C-80E3-4A49-90A1-D6BA08B8F033}
		{584F225C-D5C0-456B-9B35-0DB54A1309FB} = {2A3C898C-80E3-4A49-90A1-D6BA08B8F033}
	EndGlobalSection
	GlobalSection(TestCaseManagementSettings) = postSolution
		CategoryFile = SagaBNS.vsmdi
	EndGlobalSection
EndGlobal
